
Microsoft Visual Studio Solution File, Format Version 12.00
# Visual Studio Version 16
VisualStudioVersion = 16.0.31005.135
MinimumVisualStudioVersion = 10.0.40219.1
Project("{FAE04EC0-301F-11D3-BF4B-00C04F79EFBC}") = "topics", "topics.csproj", "{4C05A01D-03BC-45DB-86E9-C6FEA433ED7F}"
EndProject
Global
	GlobalSection(SolutionConfigurationPlatforms) = preSolution
		Debug|Any CPU = Debug|Any CPU
		Release|Any CPU = Release|Any CPU
	EndGlobalSection
	GlobalSection(ProjectConfigurationPlatforms) = postSolution
		{4C05A01D-03BC-45DB-86E9-C6FEA433ED7F}.Debug|Any CPU.ActiveCfg = Debug|Any CPU
		{4C05A01D-03BC-45DB-86E9-C6FEA433ED7F}.Debug|Any CPU.Build.0 = Debug|Any CPU
		{4C05A01D-03BC-45DB-86E9-C6FEA433ED7F}.Release|Any CPU.ActiveCfg = Release|Any CPU
		{4C05A01D-03BC-45DB-86E9-C6FEA433ED7F}.Release|Any CPU.Build.0 = Release|Any CPU
	EndGlobalSection
	GlobalSection(SolutionProperties) = preSolution
		HideSolutionNode = FALSE
	EndGlobalSection
	GlobalSection(ExtensibilityGlobals) = postSolution
		SolutionGuid = {A6F8C1B3-E5AB-44D4-B4BC-F03C8EE962FA}
	EndGlobalSection
EndGlobal
